// !$*UTF8*$!
{
	archiveVersion = 1;
	classes = {
	};
	objectVersion = 50;
	objects = {

/* Begin PBXBuildFile section */
		04443CF922FB4296009F7171 /* main.m in Sources */ = {isa = PBXBuildFile; fileRef = 04443CF822FB4296009F7171 /* main.m */; };
		04443D0E22FB49CE009F7171 /* Cook.m in Sources */ = {isa = PBXBuildFile; fileRef = 04443D0D22FB49CE009F7171 /* Cook.m */; };
		04443D1122FB49E0009F7171 /* FoodTruck.m in Sources */ = {isa = PBXBuildFile; fileRef = 04443D1022FB49E0009F7171 /* FoodTruck.m */; };
		04443D6422FCA2B6009F7171 /* Ramsy.m in Sources */ = {isa = PBXBuildFile; fileRef = 04443D6322FCA2B6009F7171 /* Ramsy.m */; };
/* End PBXBuildFile section */

/* Begin PBXCopyFilesBuildPhase section */
		04443CF322FB4296009F7171 /* CopyFiles */ = {
			isa = PBXCopyFilesBuildPhase;
			buildActionMask = 2147483647;
			dstPath = /usr/share/man/man1/;
			dstSubfolderSpec = 0;
			files = (
			);
			runOnlyForDeploymentPostprocessing = 1;
		};
/* End PBXCopyFilesBuildPhase section */

/* Begin PBXFileReference section */
		04443CF522FB4296009F7171 /* Foodtrack */ = {isa = PBXFileReference; explicitFileType = "compiled.mach-o.executable"; includeInIndex = 0; path = Foodtrack; sourceTree = BUILT_PRODUCTS_DIR; };
		04443CF822FB4296009F7171 /* main.m */ = {isa = PBXFileReference; lastKnownFileType = sourcecode.c.objc; path = main.m; sourceTree = "<group>"; };
		04443D0C22FB49CE009F7171 /* Cook.h */ = {isa = PBXFileReference; lastKnownFileType = sourcecode.c.h; path = Cook.h; sourceTree = "<group>"; };
		04443D0D22FB49CE009F7171 /* Cook.m */ = {isa = PBXFileReference; lastKnownFileType = sourcecode.c.objc; path = Cook.m; sourceTree = "<group>"; };
		04443D0F22FB49E0009F7171 /* FoodTruck.h */ = {isa = PBXFileReference; lastKnownFileType = sourcecode.c.h; path = FoodTruck.h; sourceTree = "<group>"; };
		04443D1022FB49E0009F7171 /* FoodTruck.m */ = {isa = PBXFileReference; lastKnownFileType = sourcecode.c.objc; path = FoodTruck.m; sourceTree = "<group>"; };
		04443D6222FCA2B6009F7171 /* Ramsy.h */ = {isa = PBXFileReference; lastKnownFileType = sourcecode.c.h; path = Ramsy.h; sourceTree = "<group>"; };
		04443D6322FCA2B6009F7171 /* Ramsy.m */ = {isa = PBXFileReference; lastKnownFileType = sourcecode.c.objc; path = Ramsy.m; sourceTree = "<group>"; };
/* End PBXFileReference section */

/* Begin PBXFrameworksBuildPhase section */
		04443CF222FB4296009F7171 /* Frameworks */ = {
			isa = PBXFrameworksBuildPhase;
			buildActionMask = 2147483647;
			files = (
			);
			runOnlyForDeploymentPostprocessing = 0;
		};
/* End PBXFrameworksBuildPhase section */

/* Begin PBXGroup section */
		04443CEC22FB4296009F7171 = {
			isa = PBXGroup;
			children = (
				04443CF722FB4296009F7171 /* Foodtrack */,
			);
			sourceTree = "<group>";
		};
		04443CF622FB4296009F7171 /* Products */ = {
			isa = PBXGroup;
			children = (
				04443CF522FB4296009F7171 /* Foodtrack */,
			);
			name = Products;
			path = ..;
			sourceTree = "<group>";
		};
		04443CF722FB4296009F7171 /* Foodtrack */ = {
			isa = PBXGroup;
			children = (
				04443CF822FB4296009F7171 /* main.m */,
				04443D0F22FB49E0009F7171 /* FoodTruck.h */,
				04443D1022FB49E0009F7171 /* FoodTruck.m */,
				04443D0C22FB49CE009F7171 /* Cook.h */,
				04443D0D22FB49CE009F7171 /* Cook.m */,
				04443D6222FCA2B6009F7171 /* Ramsy.h */,
				04443D6322FCA2B6009F7171 /* Ramsy.m */,
				04443CF622FB4296009F7171 /* Products */,
			);
			path = Foodtrack;
			sourceTree = "<group>";
		};
/* End PBXGroup section */

/* Begin PBXNativeTarget section */
		04443CF422FB4296009F7171 /* Foodtrack */ = {
			isa = PBXNativeTarget;
			buildConfigurationList = 04443CFC22FB4296009F7171 /* Build configuration list for PBXNativeTarget "Foodtrack" */;
			buildPhases = (
				04443CF122FB4296009F7171 /* Sources */,
				04443CF222FB4296009F7171 /* Frameworks */,
				04443CF322FB4296009F7171 /* CopyFiles */,
			);
			buildRules = (
			);
			dependencies = (
			);
			name = Foodtrack;
			productName = Foodtrack;
			productReference = 04443CF522FB4296009F7171 /* Foodtrack */;
			productType = "com.apple.product-type.tool";
		};
/* End PBXNativeTarget section */

/* Begin PBXProject section */
		04443CED22FB4296009F7171 /* Project object */ = {
			isa = PBXProject;
			attributes = {
				LastUpgradeCheck = 1030;
				ORGANIZATIONNAME = "Yamashtia Keisuke";
				TargetAttributes = {
					04443CF422FB4296009F7171 = {
						CreatedOnToolsVersion = 10.3;
					};
				};
			};
			buildConfigurationList = 04443CF022FB4296009F7171 /* Build configuration list for PBXProject "Foodtrack" */;
			compatibilityVersion = "Xcode 9.3";
			developmentRegion = en;
			hasScannedForEncodings = 0;
			knownRegions = (
				en,
			);
			mainGroup = 04443CEC22FB4296009F7171;
			productRefGroup = 04443CF622FB4296009F7171 /* Products */;
			projectDirPath = "";
			projectRoot = "";
			targets = (
				04443CF422FB4296009F7171 /* Foodtrack */,
			);
		};
/* End PBXProject section */

/* Begin PBXSourcesBuildPhase section */
		04443CF122FB4296009F7171 /* Sources */ = {
			isa = PBXSourcesBuildPhase;
			buildActionMask = 2147483647;
			files = (
				04443CF922FB4296009F7171 /* main.m in Sources */,
				04443D1122FB49E0009F7171 /* FoodTruck.m in Sources */,
				04443D6422FCA2B6009F7171 /* Ramsy.m in Sources */,
				04443D0E22FB49CE009F7171 /* Cook.m in Sources */,
			);
			runOnlyForDeploymentPostprocessing = 0;
		};
/* End PBXSourcesBuildPhase section */

/* Begin XCBuildConfiguration section */
		04443CFA22FB4296009F7171 /* Debug */ = {
			isa = XCBuildConfiguration;
			buildSettings = {
				ALWAYS_SEARCH_USER_PATHS = NO;
				CLANG_ANALYZER_NONNULL = YES;
				CLANG_ANALYZER_NUMBER_OBJECT_CONVERSION = YES_AGGRESSIVE;
				CLANG_CXX_LANGUAGE_STANDARD = "gnu++14";
				CLANG_CXX_LIBRARY = "libc++";
				CLANG_ENABLE_MODULES = YES;
				CLANG_ENABLE_OBJC_ARC = YES;
				CLANG_ENABLE_OBJC_WEAK = YES;
				CLANG_WARN_BLOCK_CAPTURE_AUTORELEASING = YES;
				CLANG_WARN_BOOL_CONVERSION = YES;
				CLANG_WARN_COMMA = YES;
				CLANG_WARN_CONSTANT_CONVERSION = YES;
				CLANG_WARN_DEPRECATED_OBJC_IMPLEMENTATIONS = YES;
				CLANG_WARN_DIRECT_OBJC_ISA_USAGE = YES_ERROR;
				CLANG_WARN_DOCUMENTATION_COMMENTS = YES;
				CLANG_WARN_EMPTY_BODY = YES;
				CLANG_WARN_ENUM_CONVERSION = YES;
				CLANG_WARN_INFINITE_RECURSION = YES;
				CLANG_WARN_INT_CONVERSION = YES;
				CLANG_WARN_NON_LITERAL_NULL_CONVERSION = YES;
				CLANG_WARN_OBJC_IMPLICIT_RETAIN_SELF = YES;
				CLANG_WARN_OBJC_LITERAL_CONVERSION = YES;
				CLANG_WARN_OBJC_ROOT_CLASS = YES_ERROR;
				CLANG_WARN_RANGE_LOOP_ANALYSIS = YES;
				CLANG_WARN_STRICT_PROTOTYPES = YES;
				CLANG_WARN_SUSPICIOUS_MOVE = YES;
				CLANG_WARN_UNGUARDED_AVAILABILITY = YES_AGGRESSIVE;
				CLANG_WARN_UNREACHABLE_CODE = YES;
				CLANG_WARN__DUPLICATE_METHOD_MATCH = YES;
				CODE_SIGN_IDENTITY = "Mac Developer";
				COPY_PHASE_STRIP = NO;
				DEBUG_INFORMATION_FORMAT = dwarf;
				ENABLE_STRICT_OBJC_MSGSEND = YES;
				ENABLE_TESTABILITY = YES;
				GCC_C_LANGUAGE_STANDARD = gnu11;
				GCC_DYNAMIC_NO_PIC = NO;
				GCC_NO_COMMON_BLOCKS = YES;
				GCC_OPTIMIZATION_LEVEL = 0;
				GCC_PREPROCESSOR_DEFINITIONS = (
					"DEBUG=1",
					"$(inherited)",
				);
				GCC_WARN_64_TO_32_BIT_CONVERSION = YES;
				GCC_WARN_ABOUT_RETURN_TYPE = YES_ERROR;
				GCC_WARN_UNDECLARED_SELECTOR = YES;
				GCC_WARN_UNINITIALIZED_AUTOS = YES_AGGRESSIVE;
				GCC_WARN_UNUSED_FUNCTION = YES;
				GCC_WARN_UNUSED_VARIABLE = YES;
				MACOSX_DEPLOYMENT_TARGET = 10.14;
				MTL_ENABLE_DEBUG_INFO = INCLUDE_SOURCE;
				MTL_FAST_MATH = YES;
				ONLY_ACTIVE_ARCH = YES;
				SDKROOT = macosx;
			};
			name = Debug;
		};
		04443CFB22FB4296009F7171 /* Release */ = {
			isa = XCBuildConfiguration;
			buildSettings = {
				ALWAYS_SEARCH_USER_PATHS = NO;
				CLANG_ANALYZER_NONNULL = YES;
				CLANG_ANALYZER_NUMBER_OBJECT_CONVERSION = YES_AGGRESSIVE;
				CLANG_CXX_LANGUAGE_STANDARD = "gnu++14";
				CLANG_CXX_LIBRARY = "libc++";
				CLANG_ENABLE_MODULES = YES;
				CLANG_ENABLE_OBJC_ARC = YES;
				CLANG_ENABLE_OBJC_WEAK = YES;
				CLANG_WARN_BLOCK_CAPTURE_AUTORELEASING = YES;
				CLANG_WARN_BOOL_CONVERSION = YES;
				CLANG_WARN_COMMA = YES;
				CLANG_WARN_CONSTANT_CONVERSION = YES;
				CLANG_WARN_DEPRECATED_OBJC_IMPLEMENTATIONS = YES;
				CLANG_WARN_DIRECT_OBJC_ISA_USAGE = YES_ERROR;
				CLANG_WARN_DOCUMENTATION_COMMENTS = YES;
				CLANG_WARN_EMPTY_BODY = YES;
				CLANG_WARN_ENUM_CONVERSION = YES;
				CLANG_WARN_INFINITE_RECURSION = YES;
				CLANG_WARN_INT_CONVERSION = YES;
				CLANG_WARN_NON_LITERAL_NULL_CONVERSION = YES;
				CLANG_WARN_OBJC_IMPLICIT_RETAIN_SELF = YES;
				CLANG_WARN_OBJC_LITERAL_CONVERSION = YES;
				CLANG_WARN_OBJC_ROOT_CLASS = YES_ERROR;
				CLANG_WARN_RANGE_LOOP_ANALYSIS = YES;
				CLANG_WARN_STRICT_PROTOTYPES = YES;
				CLANG_WARN_SUSPICIOUS_MOVE = YES;
				CLANG_WARN_UNGUARDED_AVAILABILITY = YES_AGGRESSIVE;
				CLANG_WARN_UNREACHABLE_CODE = YES;
				CLANG_WARN__DUPLICATE_METHOD_MATCH = YES;
				CODE_SIGN_IDENTITY = "Mac Developer";
				COPY_PHASE_STRIP = NO;
				DEBUG_INFORMATION_FORMAT = "dwarf-with-dsym";
				ENABLE_NS_ASSERTIONS = NO;
				ENABLE_STRICT_OBJC_MSGSEND = YES;
				GCC_C_LANGUAGE_STANDARD = gnu11;
				GCC_NO_COMMON_BLOCKS = YES;
				GCC_WARN_64_TO_32_BIT_CONVERSION = YES;
				GCC_WARN_ABOUT_RETURN_TYPE = YES_ERROR;
				GCC_WARN_UNDECLARED_SELECTOR = YES;
				GCC_WARN_UNINITIALIZED_AUTOS = YES_AGGRESSIVE;
				GCC_WARN_UNUSED_FUNCTION = YES;
				GCC_WARN_UNUSED_VARIABLE = YES;
				MACOSX_DEPLOYMENT_TARGET = 10.14;
				MTL_ENABLE_DEBUG_INFO = NO;
				MTL_FAST_MATH = YES;
				SDKROOT = macosx;
			};
			name = Release;
		};
		04443CFD22FB4296009F7171 /* Debug */ = {
			isa = XCBuildConfiguration;
			buildSettings = {
				CODE_SIGN_STYLE = Automatic;
				DEVELOPMENT_TEAM = FM3SAVJ89A;
				PRODUCT_NAME = "$(TARGET_NAME)";
			};
			name = Debug;
		};
		04443CFE22FB4296009F7171 /* Release */ = {
			isa = XCBuildConfiguration;
			buildSettings = {
				CODE_SIGN_STYLE = Automatic;
				DEVELOPMENT_TEAM = FM3SAVJ89A;
				PRODUCT_NAME = "$(TARGET_NAME)";
			};
			name = Release;
		};
/* End XCBuildConfiguration section */

/* Begin XCConfigurationList section */
		04443CF022FB4296009F7171 /* Build configuration list for PBXProject "Foodtrack" */ = {
			isa = XCConfigurationList;
			buildConfigurations = (
				04443CFA22FB4296009F7171 /* Debug */,
				04443CFB22FB4296009F7171 /* Release */,
			);
			defaultConfigurationIsVisible = 0;
			defaultConfigurationName = Release;
		};
		04443CFC22FB4296009F7171 /* Build configuration list for PBXNativeTarget "Foodtrack" */ = {
			isa = XCConfigurationList;
			buildConfigurations = (
				04443CFD22FB4296009F7171 /* Debug */,
				04443CFE22FB4296009F7171 /* Release */,
			);
			defaultConfigurationIsVisible = 0;
			defaultConfigurationName = Release;
		};
/* End XCConfigurationList section */
	};
	rootObject = 04443CED22FB4296009F7171 /* Project object */;
}
